{
  "originHash" : "aa128c05f677150e4b11a753cd91b16a43db7e81552855a33e8645e99c348a4e",
  "pins" : [
    {
      "identity" : "swiftlintplugins",
      "kind" : "remoteSourceControl",
      "location" : "https://github.com/SimplyDanny/SwiftLintPlugins",
      "state" : {
        "revision" : "634ada2eee7eac4ca79bf1fc8943ddc91408eb06",
        "version" : "0.60.0"
      }
    }
  ],
  "version" : 3
}
